{
  "originHash" : "0231331974b483357fb92e29f515723672ff38012bc90c7d6f9b105e8098bda1",
  "pins" : [
    {
      "identity" : "nuke",
      "kind" : "remoteSourceControl",
      "location" : "https://github.com/kean/Nuke",
      "state" : {
        "revision" : "0ead44350d2737db384908569c012fe67c421e4d",
        "version" : "12.8.0"
      }
    },
    {
      "identity" : "rxswift",
      "kind" : "remoteSourceControl",
      "location" : "https://github.com/ReactiveX/RxSwift.git",
      "state" : {
        "revision" : "5dd1907d64f0d36f158f61a466bab75067224893",
        "version" : "6.9.0"
      }
    }
  ],
  "version" : 3
}
